
Microsoft Visual Studio Solution File, Format Version 12.00
# Visual Studio 2012
Project("{FAE04EC0-301F-11D3-BF4B-00C04F79EFBC}") = "TextToFileEncryption", "TextToFileEncryption\TextToFileEncryption.csproj", "{4FA10994-EF85-4BE6-84A3-00B9FA2E9F63}"
EndProject
Project("{FAE04EC0-301F-11D3-BF4B-00C04F79EFBC}") = "TextToFileEncryptionTest", "TextToFileEncryptionTest\TextToFileEncryptionTest.csproj", "{C8A526C6-70D0-41D3-8F6F-6E2AD4229C65}"
EndProject
Global
	GlobalSection(SolutionConfigurationPlatforms) = preSolution
		Debug|Any CPU = Debug|Any CPU
		Release|Any CPU = Release|Any CPU
	EndGlobalSection
	GlobalSection(ProjectConfigurationPlatforms) = postSolution
		{4FA10994-EF85-4BE6-84A3-00B9FA2E9F63}.Debug|Any CPU.ActiveCfg = Debug|Any CPU
		{4FA10994-EF85-4BE6-84A3-00B9FA2E9F63}.Debug|Any CPU.Build.0 = Debug|Any CPU
		{4FA10994-EF85-4BE6-84A3-00B9FA2E9F63}.Release|Any CPU.ActiveCfg = Release|Any CPU
		{4FA10994-EF85-4BE6-84A3-00B9FA2E9F63}.Release|Any CPU.Build.0 = Release|Any CPU
		{C8A526C6-70D0-41D3-8F6F-6E2AD4229C65}.Debug|Any CPU.ActiveCfg = Debug|Any CPU
		{C8A526C6-70D0-41D3-8F6F-6E2AD4229C65}.Debug|Any CPU.Build.0 = Debug|Any CPU
		{C8A526C6-70D0-41D3-8F6F-6E2AD4229C65}.Release|Any CPU.ActiveCfg = Release|Any CPU
		{C8A526C6-70D0-41D3-8F6F-6E2AD4229C65}.Release|Any CPU.Build.0 = Release|Any CPU
	EndGlobalSection
	GlobalSection(SolutionProperties) = preSolution
		HideSolutionNode = FALSE
	EndGlobalSection
EndGlobal
